// !$*UTF8*$!
{
	archiveVersion = 1;
	classes = {
	};
	objectVersion = 46;
	objects = {

/* Begin PBXBuildFile section */
		CBEE6E56183A763100F10742 /* Foundation.framework in Frameworks */ = {isa = PBXBuildFile; fileRef = CBEE6E55183A763100F10742 /* Foundation.framework */; };
		CBEE6E58183A763100F10742 /* CoreGraphics.framework in Frameworks */ = {isa = PBXBuildFile; fileRef = CBEE6E57183A763100F10742 /* CoreGraphics.framework */; };
		CBEE6E5A183A763100F10742 /* UIKit.framework in Frameworks */ = {isa = PBXBuildFile; fileRef = CBEE6E59183A763100F10742 /* UIKit.framework */; };
		CBEE6E60183A763100F10742 /* InfoPlist.strings in Resources */ = {isa = PBXBuildFile; fileRef = CBEE6E5E183A763100F10742 /* InfoPlist.strings */; };
		CBEE6E62183A763100F10742 /* main.m in Sources */ = {isa = PBXBuildFile; fileRef = CBEE6E61183A763100F10742 /* main.m */; };
		CBEE6E66183A763100F10742 /* WhereamiAppDelegate.m in Sources */ = {isa = PBXBuildFile; fileRef = CBEE6E65183A763100F10742 /* WhereamiAppDelegate.m */; };
		CBEE6E69183A763100F10742 /* Main.storyboard in Resources */ = {isa = PBXBuildFile; fileRef = CBEE6E67183A763100F10742 /* Main.storyboard */; };
		CBEE6E6C183A763100F10742 /* WhereamiViewController.m in Sources */ = {isa = PBXBuildFile; fileRef = CBEE6E6B183A763100F10742 /* WhereamiViewController.m */; };
		CBEE6E6E183A763100F10742 /* Images.xcassets in Resources */ = {isa = PBXBuildFile; fileRef = CBEE6E6D183A763100F10742 /* Images.xcassets */; };
		CBEE6E75183A763100F10742 /* XCTest.framework in Frameworks */ = {isa = PBXBuildFile; fileRef = CBEE6E74183A763100F10742 /* XCTest.framework */; };
		CBEE6E76183A763100F10742 /* Foundation.framework in Frameworks */ = {isa = PBXBuildFile; fileRef = CBEE6E55183A763100F10742 /* Foundation.framework */; };
		CBEE6E77183A763100F10742 /* UIKit.framework in Frameworks */ = {isa = PBXBuildFile; fileRef = CBEE6E59183A763100F10742 /* UIKit.framework */; };
		CBEE6E7F183A763100F10742 /* InfoPlist.strings in Resources */ = {isa = PBXBuildFile; fileRef = CBEE6E7D183A763100F10742 /* InfoPlist.strings */; };
		CBEE6E81183A763100F10742 /* WhereamiTests.m in Sources */ = {isa = PBXBuildFile; fileRef = CBEE6E80183A763100F10742 /* WhereamiTests.m */; };
		CBEE6E8B183A76CA00F10742 /* CoreLocation.framework in Frameworks */ = {isa = PBXBuildFile; fileRef = CBEE6E8A183A76CA00F10742 /* CoreLocation.framework */; };
/* End PBXBuildFile section */

/* Begin PBXContainerItemProxy section */
		CBEE6E78183A763100F10742 /* PBXContainerItemProxy */ = {
			isa = PBXContainerItemProxy;
			containerPortal = CBEE6E4A183A763100F10742 /* Project object */;
			proxyType = 1;
			remoteGlobalIDString = CBEE6E51183A763100F10742;
			remoteInfo = Whereami;
		};
/* End PBXContainerItemProxy section */

/* Begin PBXFileReference section */
		CBEE6E52183A763100F10742 /* Whereami.app */ = {isa = PBXFileReference; explicitFileType = wrapper.application; includeInIndex = 0; path = Whereami.app; sourceTree = BUILT_PRODUCTS_DIR; };
		CBEE6E55183A763100F10742 /* Foundation.framework */ = {isa = PBXFileReference; lastKnownFileType = wrapper.framework; name = Foundation.framework; path = System/Library/Frameworks/Foundation.framework; sourceTree = SDKROOT; };
		CBEE6E57183A763100F10742 /* CoreGraphics.framework */ = {isa = PBXFileReference; lastKnownFileType = wrapper.framework; name = CoreGraphics.framework; path = System/Library/Frameworks/CoreGraphics.framework; sourceTree = SDKROOT; };
		CBEE6E59183A763100F10742 /* UIKit.framework */ = {isa = PBXFileReference; lastKnownFileType = wrapper.framework; name = UIKit.framework; path = System/Library/Frameworks/UIKit.framework; sourceTree = SDKROOT; };
		CBEE6E5D183A763100F10742 /* Whereami-Info.plist */ = {isa = PBXFileReference; lastKnownFileType = text.plist.xml; path = "Whereami-Info.plist"; sourceTree = "<group>"; };
		CBEE6E5F183A763100F10742 /* en */ = {isa = PBXFileReference; lastKnownFileType = text.plist.strings; name = en; path = en.lproj/InfoPlist.strings; sourceTree = "<group>"; };
		CBEE6E61183A763100F10742 /* main.m */ = {isa = PBXFileReference; lastKnownFileType = sourcecode.c.objc; path = main.m; sourceTree = "<group>"; };
		CBEE6E63183A763100F10742 /* Whereami-Prefix.pch */ = {isa = PBXFileReference; lastKnownFileType = sourcecode.c.h; path = "Whereami-Prefix.pch"; sourceTree = "<group>"; };
		CBEE6E64183A763100F10742 /* WhereamiAppDelegate.h */ = {isa = PBXFileReference; lastKnownFileType = sourcecode.c.h; path = WhereamiAppDelegate.h; sourceTree = "<group>"; };
		CBEE6E65183A763100F10742 /* WhereamiAppDelegate.m */ = {isa = PBXFileReference; lastKnownFileType = sourcecode.c.objc; path = WhereamiAppDelegate.m; sourceTree = "<group>"; };
		CBEE6E68183A763100F10742 /* Base */ = {isa = PBXFileReference; lastKnownFileType = file.storyboard; name = Base; path = Base.lproj/Main.storyboard; sourceTree = "<group>"; };
		CBEE6E6A183A763100F10742 /* WhereamiViewController.h */ = {isa = PBXFileReference; lastKnownFileType = sourcecode.c.h; path = WhereamiViewController.h; sourceTree = "<group>"; };
		CBEE6E6B183A763100F10742 /* WhereamiViewController.m */ = {isa = PBXFileReference; lastKnownFileType = sourcecode.c.objc; path = WhereamiViewController.m; sourceTree = "<group>"; };
		CBEE6E6D183A763100F10742 /* Images.xcassets */ = {isa = PBXFileReference; lastKnownFileType = folder.assetcatalog; path = Images.xcassets; sourceTree = "<group>"; };
		CBEE6E73183A763100F10742 /* WhereamiTests.xctest */ = {isa = PBXFileReference; explicitFileType = wrapper.cfbundle; includeInIndex = 0; path = WhereamiTests.xctest; sourceTree = BUILT_PRODUCTS_DIR; };
		CBEE6E74183A763100F10742 /* XCTest.framework */ = {isa = PBXFileReference; lastKnownFileType = wrapper.framework; name = XCTest.framework; path = Library/Frameworks/XCTest.framework; sourceTree = DEVELOPER_DIR; };
		CBEE6E7C183A763100F10742 /* WhereamiTests-Info.plist */ = {isa = PBXFileReference; lastKnownFileType = text.plist.xml; path = "WhereamiTests-Info.plist"; sourceTree = "<group>"; };
		CBEE6E7E183A763100F10742 /* en */ = {isa = PBXFileReference; lastKnownFileType = text.plist.strings; name = en; path = en.lproj/InfoPlist.strings; sourceTree = "<group>"; };
		CBEE6E80183A763100F10742 /* WhereamiTests.m */ = {isa = PBXFileReference; lastKnownFileType = sourcecode.c.objc; path = WhereamiTests.m; sourceTree = "<group>"; };
		CBEE6E8A183A76CA00F10742 /* CoreLocation.framework */ = {isa = PBXFileReference; lastKnownFileType = wrapper.framework; name = CoreLocation.framework; path = System/Library/Frameworks/CoreLocation.framework; sourceTree = SDKROOT; };
/* End PBXFileReference section */

/* Begin PBXFrameworksBuildPhase section */
		CBEE6E4F183A763100F10742 /* Frameworks */ = {
			isa = PBXFrameworksBuildPhase;
			buildActionMask = 2147483647;
			files = (
				CBEE6E8B183A76CA00F10742 /* CoreLocation.framework in Frameworks */,
				CBEE6E58183A763100F10742 /* CoreGraphics.framework in Frameworks */,
				CBEE6E5A183A763100F10742 /* UIKit.framework in Frameworks */,
				CBEE6E56183A763100F10742 /* Foundation.framework in Frameworks */,
			);
			runOnlyForDeploymentPostprocessing = 0;
		};
		CBEE6E70183A763100F10742 /* Frameworks */ = {
			isa = PBXFrameworksBuildPhase;
			buildActionMask = 2147483647;
			files = (
				CBEE6E75183A763100F10742 /* XCTest.framework in Frameworks */,
				CBEE6E77183A763100F10742 /* UIKit.framework in Frameworks */,
				CBEE6E76183A763100F10742 /* Foundation.framework in Frameworks */,
			);
			runOnlyForDeploymentPostprocessing = 0;
		};
/* End PBXFrameworksBuildPhase section */

/* Begin PBXGroup section */
		CBEE6E49183A763100F10742 = {
			isa = PBXGroup;
			children = (
				CBEE6E5B183A763100F10742 /* Whereami */,
				CBEE6E7A183A763100F10742 /* WhereamiTests */,
				CBEE6E54183A763100F10742 /* Frameworks */,
				CBEE6E53183A763100F10742 /* Products */,
			);
			sourceTree = "<group>";
		};
		CBEE6E53183A763100F10742 /* Products */ = {
			isa = PBXGroup;
			children = (
				CBEE6E52183A763100F10742 /* Whereami.app */,
				CBEE6E73183A763100F10742 /* WhereamiTests.xctest */,
			);
			name = Products;
			sourceTree = "<group>";
		};
		CBEE6E54183A763100F10742 /* Frameworks */ = {
			isa = PBXGroup;
			children = (
				CBEE6E8A183A76CA00F10742 /* CoreLocation.framework */,
				CBEE6E55183A763100F10742 /* Foundation.framework */,
				CBEE6E57183A763100F10742 /* CoreGraphics.framework */,
				CBEE6E59183A763100F10742 /* UIKit.framework */,
				CBEE6E74183A763100F10742 /* XCTest.framework */,
			);
			name = Frameworks;
			sourceTree = "<group>";
		};
		CBEE6E5B183A763100F10742 /* Whereami */ = {
			isa = PBXGroup;
			children = (
				CBEE6E64183A763100F10742 /* WhereamiAppDelegate.h */,
				CBEE6E65183A763100F10742 /* WhereamiAppDelegate.m */,
				CBEE6E67183A763100F10742 /* Main.storyboard */,
				CBEE6E6A183A763100F10742 /* WhereamiViewController.h */,
				CBEE6E6B183A763100F10742 /* WhereamiViewController.m */,
				CBEE6E6D183A763100F10742 /* Images.xcassets */,
				CBEE6E5C183A763100F10742 /* Supporting Files */,
			);
			path = Whereami;
			sourceTree = "<group>";
		};
		CBEE6E5C183A763100F10742 /* Supporting Files */ = {
			isa = PBXGroup;
			children = (
				CBEE6E5D183A763100F10742 /* Whereami-Info.plist */,
				CBEE6E5E183A763100F10742 /* InfoPlist.strings */,
				CBEE6E61183A763100F10742 /* main.m */,
				CBEE6E63183A763100F10742 /* Whereami-Prefix.pch */,
			);
			name = "Supporting Files";
			sourceTree = "<group>";
		};
		CBEE6E7A183A763100F10742 /* WhereamiTests */ = {
			isa = PBXGroup;
			children = (
				CBEE6E80183A763100F10742 /* WhereamiTests.m */,
				CBEE6E7B183A763100F10742 /* Supporting Files */,
			);
			path = WhereamiTests;
			sourceTree = "<group>";
		};
		CBEE6E7B183A763100F10742 /* Supporting Files */ = {
			isa = PBXGroup;
			children = (
				CBEE6E7C183A763100F10742 /* WhereamiTests-Info.plist */,
				CBEE6E7D183A763100F10742 /* InfoPlist.strings */,
			);
			name = "Supporting Files";
			sourceTree = "<group>";
		};
/* End PBXGroup section */

/* Begin PBXNativeTarget section */
		CBEE6E51183A763100F10742 /* Whereami */ = {
			isa = PBXNativeTarget;
			buildConfigurationList = CBEE6E84183A763100F10742 /* Build configuration list for PBXNativeTarget "Whereami" */;
			buildPhases = (
				CBEE6E4E183A763100F10742 /* Sources */,
				CBEE6E4F183A763100F10742 /* Frameworks */,
				CBEE6E50183A763100F10742 /* Resources */,
			);
			buildRules = (
			);
			dependencies = (
			);
			name = Whereami;
			productName = Whereami;
			productReference = CBEE6E52183A763100F10742 /* Whereami.app */;
			productType = "com.apple.product-type.application";
		};
		CBEE6E72183A763100F10742 /* WhereamiTests */ = {
			isa = PBXNativeTarget;
			buildConfigurationList = CBEE6E87183A763100F10742 /* Build configuration list for PBXNativeTarget "WhereamiTests" */;
			buildPhases = (
				CBEE6E6F183A763100F10742 /* Sources */,
				CBEE6E70183A763100F10742 /* Frameworks */,
				CBEE6E71183A763100F10742 /* Resources */,
			);
			buildRules = (
			);
			dependencies = (
				CBEE6E79183A763100F10742 /* PBXTargetDependency */,
			);
			name = WhereamiTests;
			productName = WhereamiTests;
			productReference = CBEE6E73183A763100F10742 /* WhereamiTests.xctest */;
			productType = "com.apple.product-type.bundle.unit-test";
		};
/* End PBXNativeTarget section */

/* Begin PBXProject section */
		CBEE6E4A183A763100F10742 /* Project object */ = {
			isa = PBXProject;
			attributes = {
				CLASSPREFIX = Whereami;
				LastUpgradeCheck = 0500;
				ORGANIZATIONNAME = "Shane Rogers";
				TargetAttributes = {
					CBEE6E72183A763100F10742 = {
						TestTargetID = CBEE6E51183A763100F10742;
					};
				};
			};
			buildConfigurationList = CBEE6E4D183A763100F10742 /* Build configuration list for PBXProject "Whereami" */;
			compatibilityVersion = "Xcode 3.2";
			developmentRegion = English;
			hasScannedForEncodings = 0;
			knownRegions = (
				en,
				Base,
			);
			mainGroup = CBEE6E49183A763100F10742;
			productRefGroup = CBEE6E53183A763100F10742 /* Products */;
			projectDirPath = "";
			projectRoot = "";
			targets = (
				CBEE6E51183A763100F10742 /* Whereami */,
				CBEE6E72183A763100F10742 /* WhereamiTests */,
			);
		};
/* End PBXProject section */

/* Begin PBXResourcesBuildPhase section */
		CBEE6E50183A763100F10742 /* Resources */ = {
			isa = PBXResourcesBuildPhase;
			buildActionMask = 2147483647;
			files = (
				CBEE6E6E183A763100F10742 /* Images.xcassets in Resources */,
				CBEE6E60183A763100F10742 /* InfoPlist.strings in Resources */,
				CBEE6E69183A763100F10742 /* Main.storyboard in Resources */,
			);
			runOnlyForDeploymentPostprocessing = 0;
		};
		CBEE6E71183A763100F10742 /* Resources */ = {
			isa = PBXResourcesBuildPhase;
			buildActionMask = 2147483647;
			files = (
				CBEE6E7F183A763100F10742 /* InfoPlist.strings in Resources */,
			);
			runOnlyForDeploymentPostprocessing = 0;
		};
/* End PBXResourcesBuildPhase section */

/* Begin PBXSourcesBuildPhase section */
		CBEE6E4E183A763100F10742 /* Sources */ = {
			isa = PBXSourcesBuildPhase;
			buildActionMask = 2147483647;
			files = (
				CBEE6E66183A763100F10742 /* WhereamiAppDelegate.m in Sources */,
				CBEE6E62183A763100F10742 /* main.m in Sources */,
				CBEE6E6C183A763100F10742 /* WhereamiViewController.m in Sources */,
			);
			runOnlyForDeploymentPostprocessing = 0;
		};
		CBEE6E6F183A763100F10742 /* Sources */ = {
			isa = PBXSourcesBuildPhase;
			buildActionMask = 2147483647;
			files = (
				CBEE6E81183A763100F10742 /* WhereamiTests.m in Sources */,
			);
			runOnlyForDeploymentPostprocessing = 0;
		};
/* End PBXSourcesBuildPhase section */

/* Begin PBXTargetDependency section */
		CBEE6E79183A763100F10742 /* PBXTargetDependency */ = {
			isa = PBXTargetDependency;
			target = CBEE6E51183A763100F10742 /* Whereami */;
			targetProxy = CBEE6E78183A763100F10742 /* PBXContainerItemProxy */;
		};
/* End PBXTargetDependency section */

/* Begin PBXVariantGroup section */
		CBEE6E5E183A763100F10742 /* InfoPlist.strings */ = {
			isa = PBXVariantGroup;
			children = (
				CBEE6E5F183A763100F10742 /* en */,
			);
			name = InfoPlist.strings;
			sourceTree = "<group>";
		};
		CBEE6E67183A763100F10742 /* Main.storyboard */ = {
			isa = PBXVariantGroup;
			children = (
				CBEE6E68183A763100F10742 /* Base */,
			);
			name = Main.storyboard;
			sourceTree = "<group>";
		};
		CBEE6E7D183A763100F10742 /* InfoPlist.strings */ = {
			isa = PBXVariantGroup;
			children = (
				CBEE6E7E183A763100F10742 /* en */,
			);
			name = InfoPlist.strings;
			sourceTree = "<group>";
		};
/* End PBXVariantGroup section */

/* Begin XCBuildConfiguration section */
		CBEE6E82183A763100F10742 /* Debug */ = {
			isa = XCBuildConfiguration;
			buildSettings = {
				ALWAYS_SEARCH_USER_PATHS = NO;
				ARCHS = "$(ARCHS_STANDARD_INCLUDING_64_BIT)";
				CLANG_CXX_LANGUAGE_STANDARD = "gnu++0x";
				CLANG_CXX_LIBRARY = "libc++";
				CLANG_ENABLE_MODULES = YES;
				CLANG_ENABLE_OBJC_ARC = YES;
				CLANG_WARN_BOOL_CONVERSION = YES;
				CLANG_WARN_CONSTANT_CONVERSION = YES;
				CLANG_WARN_DIRECT_OBJC_ISA_USAGE = YES_ERROR;
				CLANG_WARN_EMPTY_BODY = YES;
				CLANG_WARN_ENUM_CONVERSION = YES;
				CLANG_WARN_INT_CONVERSION = YES;
				CLANG_WARN_OBJC_ROOT_CLASS = YES_ERROR;
				CLANG_WARN__DUPLICATE_METHOD_MATCH = YES;
				"CODE_SIGN_IDENTITY[sdk=iphoneos*]" = "iPhone Developer";
				COPY_PHASE_STRIP = NO;
				GCC_C_LANGUAGE_STANDARD = gnu99;
				GCC_DYNAMIC_NO_PIC = NO;
				GCC_OPTIMIZATION_LEVEL = 0;
				GCC_PREPROCESSOR_DEFINITIONS = (
					"DEBUG=1",
					"$(inherited)",
				);
				GCC_SYMBOLS_PRIVATE_EXTERN = NO;
				GCC_WARN_64_TO_32_BIT_CONVERSION = YES;
				GCC_WARN_ABOUT_RETURN_TYPE = YES_ERROR;
				GCC_WARN_UNDECLARED_SELECTOR = YES;
				GCC_WARN_UNINITIALIZED_AUTOS = YES;
				GCC_WARN_UNUSED_FUNCTION = YES;
				GCC_WARN_UNUSED_VARIABLE = YES;
				IPHONEOS_DEPLOYMENT_TARGET = 7.0;
				ONLY_ACTIVE_ARCH = YES;
				SDKROOT = iphoneos;
			};
			name = Debug;
		};
		CBEE6E83183A763100F10742 /* Release */ = {
			isa = XCBuildConfiguration;
			buildSettings = {
				ALWAYS_SEARCH_USER_PATHS = NO;
				ARCHS = "$(ARCHS_STANDARD_INCLUDING_64_BIT)";
				CLANG_CXX_LANGUAGE_STANDARD = "gnu++0x";
				CLANG_CXX_LIBRARY = "libc++";
				CLANG_ENABLE_MODULES = YES;
				CLANG_ENABLE_OBJC_ARC = YES;
				CLANG_WARN_BOOL_CONVERSION = YES;
				CLANG_WARN_CONSTANT_CONVERSION = YES;
				CLANG_WARN_DIRECT_OBJC_ISA_USAGE = YES_ERROR;
				CLANG_WARN_EMPTY_BODY = YES;
				CLANG_WARN_ENUM_CONVERSION = YES;
				CLANG_WARN_INT_CONVERSION = YES;
				CLANG_WARN_OBJC_ROOT_CLASS = YES_ERROR;
				CLANG_WARN__DUPLICATE_METHOD_MATCH = YES;
				"CODE_SIGN_IDENTITY[sdk=iphoneos*]" = "iPhone Developer";
				COPY_PHASE_STRIP = YES;
				ENABLE_NS_ASSERTIONS = NO;
				GCC_C_LANGUAGE_STANDARD = gnu99;
				GCC_WARN_64_TO_32_BIT_CONVERSION = YES;
				GCC_WARN_ABOUT_RETURN_TYPE = YES_ERROR;
				GCC_WARN_UNDECLARED_SELECTOR = YES;
				GCC_WARN_UNINITIALIZED_AUTOS = YES;
				GCC_WARN_UNUSED_FUNCTION = YES;
				GCC_WARN_UNUSED_VARIABLE = YES;
				IPHONEOS_DEPLOYMENT_TARGET = 7.0;
				SDKROOT = iphoneos;
				VALIDATE_PRODUCT = YES;
			};
			name = Release;
		};
		CBEE6E85183A763100F10742 /* Debug */ = {
			isa = XCBuildConfiguration;
			buildSettings = {
				ASSETCATALOG_COMPILER_APPICON_NAME = AppIcon;
				ASSETCATALOG_COMPILER_LAUNCHIMAGE_NAME = LaunchImage;
				GCC_PRECOMPILE_PREFIX_HEADER = YES;
				GCC_PREFIX_HEADER = "Whereami/Whereami-Prefix.pch";
				INFOPLIST_FILE = "Whereami/Whereami-Info.plist";
				PRODUCT_NAME = "$(TARGET_NAME)";
				WRAPPER_EXTENSION = app;
			};
			name = Debug;
		};
		CBEE6E86183A763100F10742 /* Release */ = {
			isa = XCBuildConfiguration;
			buildSettings = {
				ASSETCATALOG_COMPILER_APPICON_NAME = AppIcon;
				ASSETCATALOG_COMPILER_LAUNCHIMAGE_NAME = LaunchImage;
				GCC_PRECOMPILE_PREFIX_HEADER = YES;
				GCC_PREFIX_HEADER = "Whereami/Whereami-Prefix.pch";
				INFOPLIST_FILE = "Whereami/Whereami-Info.plist";
				PRODUCT_NAME = "$(TARGET_NAME)";
				WRAPPER_EXTENSION = app;
			};
			name = Release;
		};
		CBEE6E88183A763100F10742 /* Debug */ = {
			isa = XCBuildConfiguration;
			buildSettings = {
				ARCHS = "$(ARCHS_STANDARD_INCLUDING_64_BIT)";
				BUNDLE_LOADER = "$(BUILT_PRODUCTS_DIR)/Whereami.app/Whereami";
				FRAMEWORK_SEARCH_PATHS = (
					"$(SDKROOT)/Developer/Library/Frameworks",
					"$(inherited)",
					"$(DEVELOPER_FRAMEWORKS_DIR)",
				);
				GCC_PRECOMPILE_PREFIX_HEADER = YES;
				GCC_PREFIX_HEADER = "Whereami/Whereami-Prefix.pch";
				GCC_PREPROCESSOR_DEFINITIONS = (
					"DEBUG=1",
					"$(inherited)",
				);
				INFOPLIST_FILE = "WhereamiTests/WhereamiTests-Info.plist";
				PRODUCT_NAME = "$(TARGET_NAME)";
				TEST_HOST = "$(BUNDLE_LOADER)";
				WRAPPER_EXTENSION = xctest;
			};
			name = Debug;
		};
		CBEE6E89183A763100F10742 /* Release */ = {
			isa = XCBuildConfiguration;
			buildSettings = {
				ARCHS = "$(ARCHS_STANDARD_INCLUDING_64_BIT)";
				BUNDLE_LOADER = "$(BUILT_PRODUCTS_DIR)/Whereami.app/Whereami";
				FRAMEWORK_SEARCH_PATHS = (
					"$(SDKROOT)/Developer/Library/Frameworks",
					"$(inherited)",
					"$(DEVELOPER_FRAMEWORKS_DIR)",
				);
				GCC_PRECOMPILE_PREFIX_HEADER = YES;
				GCC_PREFIX_HEADER = "Whereami/Whereami-Prefix.pch";
				INFOPLIST_FILE = "WhereamiTests/WhereamiTests-Info.plist";
				PRODUCT_NAME = "$(TARGET_NAME)";
				TEST_HOST = "$(BUNDLE_LOADER)";
				WRAPPER_EXTENSION = xctest;
			};
			name = Release;
		};
/* End XCBuildConfiguration section */

/* Begin XCConfigurationList section */
		CBEE6E4D183A763100F10742 /* Build configuration list for PBXProject "Whereami" */ = {
			isa = XCConfigurationList;
			buildConfigurations = (
				CBEE6E82183A763100F10742 /* Debug */,
				CBEE6E83183A763100F10742 /* Release */,
			);
			defaultConfigurationIsVisible = 0;
			defaultConfigurationName = Release;
		};
		CBEE6E84183A763100F10742 /* Build configuration list for PBXNativeTarget "Whereami" */ = {
			isa = XCConfigurationList;
			buildConfigurations = (
				CBEE6E85183A763100F10742 /* Debug */,
				CBEE6E86183A763100F10742 /* Release */,
			);
			defaultConfigurationIsVisible = 0;
		};
		CBEE6E87183A763100F10742 /* Build configuration list for PBXNativeTarget "WhereamiTests" */ = {
			isa = XCConfigurationList;
			buildConfigurations = (
				CBEE6E88183A763100F10742 /* Debug */,
				CBEE6E89183A763100F10742 /* Release */,
			);
			defaultConfigurationIsVisible = 0;
		};
/* End XCConfigurationList section */
	};
	rootObject = CBEE6E4A183A763100F10742 /* Project object */;
}
